// !$*UTF8*$!
{
	archiveVersion = 1;
	classes = {
	};
	objectVersion = 56;
	objects = {

/* Begin PBXBuildFile section */
		2458D9202AD2EB3500497B3D /* PresentMeApp.swift in Sources */ = {isa = PBXBuildFile; fileRef = 2458D91F2AD2EB3500497B3D /* PresentMeApp.swift */; };
		2458D9222AD2EB3500497B3D /* ContentView.swift in Sources */ = {isa = PBXBuildFile; fileRef = 2458D9212AD2EB3500497B3D /* ContentView.swift */; };
		2458D9242AD2EB3600497B3D /* Assets.xcassets in Resources */ = {isa = PBXBuildFile; fileRef = 2458D9232AD2EB3600497B3D /* Assets.xcassets */; };
		2458D9272AD2EB3600497B3D /* Preview Assets.xcassets in Resources */ = {isa = PBXBuildFile; fileRef = 2458D9262AD2EB3600497B3D /* Preview Assets.xcassets */; };
		2458D9312AD2EB3700497B3D /* PresentMeTests.swift in Sources */ = {isa = PBXBuildFile; fileRef = 2458D9302AD2EB3700497B3D /* PresentMeTests.swift */; };
		2458D93B2AD2EB3700497B3D /* PresentMeUITests.swift in Sources */ = {isa = PBXBuildFile; fileRef = 2458D93A2AD2EB3700497B3D /* PresentMeUITests.swift */; };
		2458D93D2AD2EB3700497B3D /* PresentMeUITestsLaunchTests.swift in Sources */ = {isa = PBXBuildFile; fileRef = 2458D93C2AD2EB3700497B3D /* PresentMeUITestsLaunchTests.swift */; };
/* End PBXBuildFile section */

/* Begin PBXContainerItemProxy section */
		2458D92D2AD2EB3700497B3D /* PBXContainerItemProxy */ = {
			isa = PBXContainerItemProxy;
			containerPortal = 2458D9142AD2EB3500497B3D /* Project object */;
			proxyType = 1;
			remoteGlobalIDString = 2458D91B2AD2EB3500497B3D;
			remoteInfo = PresentMe;
		};
		2458D9372AD2EB3700497B3D /* PBXContainerItemProxy */ = {
			isa = PBXContainerItemProxy;
			containerPortal = 2458D9142AD2EB3500497B3D /* Project object */;
			proxyType = 1;
			remoteGlobalIDString = 2458D91B2AD2EB3500497B3D;
			remoteInfo = PresentMe;
		};
/* End PBXContainerItemProxy section */

/* Begin PBXFileReference section */
		2458D91C2AD2EB3500497B3D /* PresentMe.app */ = {isa = PBXFileReference; explicitFileType = wrapper.application; includeInIndex = 0; path = PresentMe.app; sourceTree = BUILT_PRODUCTS_DIR; };
		2458D91F2AD2EB3500497B3D /* PresentMeApp.swift */ = {isa = PBXFileReference; lastKnownFileType = sourcecode.swift; path = PresentMeApp.swift; sourceTree = "<group>"; };
		2458D9212AD2EB3500497B3D /* ContentView.swift */ = {isa = PBXFileReference; lastKnownFileType = sourcecode.swift; path = ContentView.swift; sourceTree = "<group>"; };
		2458D9232AD2EB3600497B3D /* Assets.xcassets */ = {isa = PBXFileReference; lastKnownFileType = folder.assetcatalog; path = Assets.xcassets; sourceTree = "<group>"; };
		2458D9262AD2EB3600497B3D /* Preview Assets.xcassets */ = {isa = PBXFileReference; lastKnownFileType = folder.assetcatalog; path = "Preview Assets.xcassets"; sourceTree = "<group>"; };
		2458D92C2AD2EB3700497B3D /* PresentMeTests.xctest */ = {isa = PBXFileReference; explicitFileType = wrapper.cfbundle; includeInIndex = 0; path = PresentMeTests.xctest; sourceTree = BUILT_PRODUCTS_DIR; };
		2458D9302AD2EB3700497B3D /* PresentMeTests.swift */ = {isa = PBXFileReference; lastKnownFileType = sourcecode.swift; path = PresentMeTests.swift; sourceTree = "<group>"; };
		2458D9362AD2EB3700497B3D /* PresentMeUITests.xctest */ = {isa = PBXFileReference; explicitFileType = wrapper.cfbundle; includeInIndex = 0; path = PresentMeUITests.xctest; sourceTree = BUILT_PRODUCTS_DIR; };
		2458D93A2AD2EB3700497B3D /* PresentMeUITests.swift */ = {isa = PBXFileReference; lastKnownFileType = sourcecode.swift; path = PresentMeUITests.swift; sourceTree = "<group>"; };
		2458D93C2AD2EB3700497B3D /* PresentMeUITestsLaunchTests.swift */ = {isa = PBXFileReference; lastKnownFileType = sourcecode.swift; path = PresentMeUITestsLaunchTests.swift; sourceTree = "<group>"; };
/* End PBXFileReference section */

/* Begin PBXFrameworksBuildPhase section */
		2458D9192AD2EB3500497B3D /* Frameworks */ = {
			isa = PBXFrameworksBuildPhase;
			buildActionMask = 2147483647;
			files = (
			);
			runOnlyForDeploymentPostprocessing = 0;
		};
		2458D9292AD2EB3700497B3D /* Frameworks */ = {
			isa = PBXFrameworksBuildPhase;
			buildActionMask = 2147483647;
			files = (
			);
			runOnlyForDeploymentPostprocessing = 0;
		};
		2458D9332AD2EB3700497B3D /* Frameworks */ = {
			isa = PBXFrameworksBuildPhase;
			buildActionMask = 2147483647;
			files = (
			);
			runOnlyForDeploymentPostprocessing = 0;
		};
/* End PBXFrameworksBuildPhase section */

/* Begin PBXGroup section */
		2458D9132AD2EB3500497B3D = {
			isa = PBXGroup;
			children = (
				2458D91E2AD2EB3500497B3D /* PresentMe */,
				2458D92F2AD2EB3700497B3D /* PresentMeTests */,
				2458D9392AD2EB3700497B3D /* PresentMeUITests */,
				2458D91D2AD2EB3500497B3D /* Products */,
			);
			sourceTree = "<group>";
		};
		2458D91D2AD2EB3500497B3D /* Products */ = {
			isa = PBXGroup;
			children = (
				2458D91C2AD2EB3500497B3D /* PresentMe.app */,
				2458D92C2AD2EB3700497B3D /* PresentMeTests.xctest */,
				2458D9362AD2EB3700497B3D /* PresentMeUITests.xctest */,
			);
			name = Products;
			sourceTree = "<group>";
		};
		2458D91E2AD2EB3500497B3D /* PresentMe */ = {
			isa = PBXGroup;
			children = (
				2458D91F2AD2EB3500497B3D /* PresentMeApp.swift */,
				2458D9212AD2EB3500497B3D /* ContentView.swift */,
				2458D9232AD2EB3600497B3D /* Assets.xcassets */,
				2458D9252AD2EB3600497B3D /* Preview Content */,
			);
			path = PresentMe;
			sourceTree = "<group>";
		};
		2458D9252AD2EB3600497B3D /* Preview Content */ = {
			isa = PBXGroup;
			children = (
				2458D9262AD2EB3600497B3D /* Preview Assets.xcassets */,
			);
			path = "Preview Content";
			sourceTree = "<group>";
		};
		2458D92F2AD2EB3700497B3D /* PresentMeTests */ = {
			isa = PBXGroup;
			children = (
				2458D9302AD2EB3700497B3D /* PresentMeTests.swift */,
			);
			path = PresentMeTests;
			sourceTree = "<group>";
		};
		2458D9392AD2EB3700497B3D /* PresentMeUITests */ = {
			isa = PBXGroup;
			children = (
				2458D93A2AD2EB3700497B3D /* PresentMeUITests.swift */,
				2458D93C2AD2EB3700497B3D /* PresentMeUITestsLaunchTests.swift */,
			);
			path = PresentMeUITests;
			sourceTree = "<group>";
		};
/* End PBXGroup section */

/* Begin PBXNativeTarget section */
		2458D91B2AD2EB3500497B3D /* PresentMe */ = {
			isa = PBXNativeTarget;
			buildConfigurationList = 2458D9402AD2EB3700497B3D /* Build configuration list for PBXNativeTarget "PresentMe" */;
			buildPhases = (
				2458D9182AD2EB3500497B3D /* Sources */,
				2458D9192AD2EB3500497B3D /* Frameworks */,
				2458D91A2AD2EB3500497B3D /* Resources */,
			);
			buildRules = (
			);
			dependencies = (
			);
			name = PresentMe;
			productName = PresentMe;
			productReference = 2458D91C2AD2EB3500497B3D /* PresentMe.app */;
			productType = "com.apple.product-type.application";
		};
		2458D92B2AD2EB3700497B3D /* PresentMeTests */ = {
			isa = PBXNativeTarget;
			buildConfigurationList = 2458D9432AD2EB3700497B3D /* Build configuration list for PBXNativeTarget "PresentMeTests" */;
			buildPhases = (
				2458D9282AD2EB3700497B3D /* Sources */,
				2458D9292AD2EB3700497B3D /* Frameworks */,
				2458D92A2AD2EB3700497B3D /* Resources */,
			);
			buildRules = (
			);
			dependencies = (
				2458D92E2AD2EB3700497B3D /* PBXTargetDependency */,
			);
			name = PresentMeTests;
			productName = PresentMeTests;
			productReference = 2458D92C2AD2EB3700497B3D /* PresentMeTests.xctest */;
			productType = "com.apple.product-type.bundle.unit-test";
		};
		2458D9352AD2EB3700497B3D /* PresentMeUITests */ = {
			isa = PBXNativeTarget;
			buildConfigurationList = 2458D9462AD2EB3700497B3D /* Build configuration list for PBXNativeTarget "PresentMeUITests" */;
			buildPhases = (
				2458D9322AD2EB3700497B3D /* Sources */,
				2458D9332AD2EB3700497B3D /* Frameworks */,
				2458D9342AD2EB3700497B3D /* Resources */,
			);
			buildRules = (
			);
			dependencies = (
				2458D9382AD2EB3700497B3D /* PBXTargetDependency */,
			);
			name = PresentMeUITests;
			productName = PresentMeUITests;
			productReference = 2458D9362AD2EB3700497B3D /* PresentMeUITests.xctest */;
			productType = "com.apple.product-type.bundle.ui-testing";
		};
/* End PBXNativeTarget section */

/* Begin PBXProject section */
		2458D9142AD2EB3500497B3D /* Project object */ = {
			isa = PBXProject;
			attributes = {
				BuildIndependentTargetsInParallel = 1;
				LastSwiftUpdateCheck = 1430;
				LastUpgradeCheck = 1430;
				TargetAttributes = {
					2458D91B2AD2EB3500497B3D = {
						CreatedOnToolsVersion = 14.3.1;
					};
					2458D92B2AD2EB3700497B3D = {
						CreatedOnToolsVersion = 14.3.1;
						TestTargetID = 2458D91B2AD2EB3500497B3D;
					};
					2458D9352AD2EB3700497B3D = {
						CreatedOnToolsVersion = 14.3.1;
						TestTargetID = 2458D91B2AD2EB3500497B3D;
					};
				};
			};
			buildConfigurationList = 2458D9172AD2EB3500497B3D /* Build configuration list for PBXProject "PresentMe" */;
			compatibilityVersion = "Xcode 14.0";
			developmentRegion = en;
			hasScannedForEncodings = 0;
			knownRegions = (
				en,
				Base,
			);
			mainGroup = 2458D9132AD2EB3500497B3D;
			productRefGroup = 2458D91D2AD2EB3500497B3D /* Products */;
			projectDirPath = "";
			projectRoot = "";
			targets = (
				2458D91B2AD2EB3500497B3D /* PresentMe */,
				2458D92B2AD2EB3700497B3D /* PresentMeTests */,
				2458D9352AD2EB3700497B3D /* PresentMeUITests */,
			);
		};
/* End PBXProject section */

/* Begin PBXResourcesBuildPhase section */
		2458D91A2AD2EB3500497B3D /* Resources */ = {
			isa = PBXResourcesBuildPhase;
			buildActionMask = 2147483647;
			files = (
				2458D9272AD2EB3600497B3D /* Preview Assets.xcassets in Resources */,
				2458D9242AD2EB3600497B3D /* Assets.xcassets in Resources */,
			);
			runOnlyForDeploymentPostprocessing = 0;
		};
		2458D92A2AD2EB3700497B3D /* Resources */ = {
			isa = PBXResourcesBuildPhase;
			buildActionMask = 2147483647;
			files = (
			);
			runOnlyForDeploymentPostprocessing = 0;
		};
		2458D9342AD2EB3700497B3D /* Resources */ = {
			isa = PBXResourcesBuildPhase;
			buildActionMask = 2147483647;
			files = (
			);
			runOnlyForDeploymentPostprocessing = 0;
		};
/* End PBXResourcesBuildPhase section */

/* Begin PBXSourcesBuildPhase section */
		2458D9182AD2EB3500497B3D /* Sources */ = {
			isa = PBXSourcesBuildPhase;
			buildActionMask = 2147483647;
			files = (
				2458D9222AD2EB3500497B3D /* ContentView.swift in Sources */,
				2458D9202AD2EB3500497B3D /* PresentMeApp.swift in Sources */,
			);
			runOnlyForDeploymentPostprocessing = 0;
		};
		2458D9282AD2EB3700497B3D /* Sources */ = {
			isa = PBXSourcesBuildPhase;
			buildActionMask = 2147483647;
			files = (
				2458D9312AD2EB3700497B3D /* PresentMeTests.swift in Sources */,
			);
			runOnlyForDeploymentPostprocessing = 0;
		};
		2458D9322AD2EB3700497B3D /* Sources */ = {
			isa = PBXSourcesBuildPhase;
			buildActionMask = 2147483647;
			files = (
				2458D93D2AD2EB3700497B3D /* PresentMeUITestsLaunchTests.swift in Sources */,
				2458D93B2AD2EB3700497B3D /* PresentMeUITests.swift in Sources */,
			);
			runOnlyForDeploymentPostprocessing = 0;
		};
/* End PBXSourcesBuildPhase section */

/* Begin PBXTargetDependency section */
		2458D92E2AD2EB3700497B3D /* PBXTargetDependency */ = {
			isa = PBXTargetDependency;
			target = 2458D91B2AD2EB3500497B3D /* PresentMe */;
			targetProxy = 2458D92D2AD2EB3700497B3D /* PBXContainerItemProxy */;
		};
		2458D9382AD2EB3700497B3D /* PBXTargetDependency */ = {
			isa = PBXTargetDependency;
			target = 2458D91B2AD2EB3500497B3D /* PresentMe */;
			targetProxy = 2458D9372AD2EB3700497B3D /* PBXContainerItemProxy */;
		};
/* End PBXTargetDependency section */

/* Begin XCBuildConfiguration section */
		2458D93E2AD2EB3700497B3D /* Debug */ = {
			isa = XCBuildConfiguration;
			buildSettings = {
				ALWAYS_SEARCH_USER_PATHS = NO;
				CLANG_ANALYZER_NONNULL = YES;
				CLANG_ANALYZER_NUMBER_OBJECT_CONVERSION = YES_AGGRESSIVE;
				CLANG_CXX_LANGUAGE_STANDARD = "gnu++20";
				CLANG_ENABLE_MODULES = YES;
				CLANG_ENABLE_OBJC_ARC = YES;
				CLANG_ENABLE_OBJC_WEAK = YES;
				CLANG_WARN_BLOCK_CAPTURE_AUTORELEASING = YES;
				CLANG_WARN_BOOL_CONVERSION = YES;
				CLANG_WARN_COMMA = YES;
				CLANG_WARN_CONSTANT_CONVERSION = YES;
				CLANG_WARN_DEPRECATED_OBJC_IMPLEMENTATIONS = YES;
				CLANG_WARN_DIRECT_OBJC_ISA_USAGE = YES_ERROR;
				CLANG_WARN_DOCUMENTATION_COMMENTS = YES;
				CLANG_WARN_EMPTY_BODY = YES;
				CLANG_WARN_ENUM_CONVERSION = YES;
				CLANG_WARN_INFINITE_RECURSION = YES;
				CLANG_WARN_INT_CONVERSION = YES;
				CLANG_WARN_NON_LITERAL_NULL_CONVERSION = YES;
				CLANG_WARN_OBJC_IMPLICIT_RETAIN_SELF = YES;
				CLANG_WARN_OBJC_LITERAL_CONVERSION = YES;
				CLANG_WARN_OBJC_ROOT_CLASS = YES_ERROR;
				CLANG_WARN_QUOTED_INCLUDE_IN_FRAMEWORK_HEADER = YES;
				CLANG_WARN_RANGE_LOOP_ANALYSIS = YES;
				CLANG_WARN_STRICT_PROTOTYPES = YES;
				CLANG_WARN_SUSPICIOUS_MOVE = YES;
				CLANG_WARN_UNGUARDED_AVAILABILITY = YES_AGGRESSIVE;
				CLANG_WARN_UNREACHABLE_CODE = YES;
				CLANG_WARN__DUPLICATE_METHOD_MATCH = YES;
				COPY_PHASE_STRIP = NO;
				DEBUG_INFORMATION_FORMAT = dwarf;
				ENABLE_STRICT_OBJC_MSGSEND = YES;
				ENABLE_TESTABILITY = YES;
				GCC_C_LANGUAGE_STANDARD = gnu11;
				GCC_DYNAMIC_NO_PIC = NO;
				GCC_NO_COMMON_BLOCKS = YES;
				GCC_OPTIMIZATION_LEVEL = 0;
				GCC_PREPROCESSOR_DEFINITIONS = (
					"DEBUG=1",
					"$(inherited)",
				);
				GCC_WARN_64_TO_32_BIT_CONVERSION = YES;
				GCC_WARN_ABOUT_RETURN_TYPE = YES_ERROR;
				GCC_WARN_UNDECLARED_SELECTOR = YES;
				GCC_WARN_UNINITIALIZED_AUTOS = YES_AGGRESSIVE;
				GCC_WARN_UNUSED_FUNCTION = YES;
				GCC_WARN_UNUSED_VARIABLE = YES;
				IPHONEOS_DEPLOYMENT_TARGET = 16.4;
				MTL_ENABLE_DEBUG_INFO = INCLUDE_SOURCE;
				MTL_FAST_MATH = YES;
				ONLY_ACTIVE_ARCH = YES;
				SDKROOT = iphoneos;
				SWIFT_ACTIVE_COMPILATION_CONDITIONS = DEBUG;
				SWIFT_OPTIMIZATION_LEVEL = "-Onone";
			};
			name = Debug;
		};
		2458D93F2AD2EB3700497B3D /* Release */ = {
			isa = XCBuildConfiguration;
			buildSettings = {
				ALWAYS_SEARCH_USER_PATHS = NO;
				CLANG_ANALYZER_NONNULL = YES;
				CLANG_ANALYZER_NUMBER_OBJECT_CONVERSION = YES_AGGRESSIVE;
				CLANG_CXX_LANGUAGE_STANDARD = "gnu++20";
				CLANG_ENABLE_MODULES = YES;
				CLANG_ENABLE_OBJC_ARC = YES;
				CLANG_ENABLE_OBJC_WEAK = YES;
				CLANG_WARN_BLOCK_CAPTURE_AUTORELEASING = YES;
				CLANG_WARN_BOOL_CONVERSION = YES;
				CLANG_WARN_COMMA = YES;
				CLANG_WARN_CONSTANT_CONVERSION = YES;
				CLANG_WARN_DEPRECATED_OBJC_IMPLEMENTATIONS = YES;
				CLANG_WARN_DIRECT_OBJC_ISA_USAGE = YES_ERROR;
				CLANG_WARN_DOCUMENTATION_COMMENTS = YES;
				CLANG_WARN_EMPTY_BODY = YES;
				CLANG_WARN_ENUM_CONVERSION = YES;
				CLANG_WARN_INFINITE_RECURSION = YES;
				CLANG_WARN_INT_CONVERSION = YES;
				CLANG_WARN_NON_LITERAL_NULL_CONVERSION = YES;
				CLANG_WARN_OBJC_IMPLICIT_RETAIN_SELF = YES;
				CLANG_WARN_OBJC_LITERAL_CONVERSION = YES;
				CLANG_WARN_OBJC_ROOT_CLASS = YES_ERROR;
				CLANG_WARN_QUOTED_INCLUDE_IN_FRAMEWORK_HEADER = YES;
				CLANG_WARN_RANGE_LOOP_ANALYSIS = YES;
				CLANG_WARN_STRICT_PROTOTYPES = YES;
				CLANG_WARN_SUSPICIOUS_MOVE = YES;
				CLANG_WARN_UNGUARDED_AVAILABILITY = YES_AGGRESSIVE;
				CLANG_WARN_UNREACHABLE_CODE = YES;
				CLANG_WARN__DUPLICATE_METHOD_MATCH = YES;
				COPY_PHASE_STRIP = NO;
				DEBUG_INFORMATION_FORMAT = "dwarf-with-dsym";
				ENABLE_NS_ASSERTIONS = NO;
				ENABLE_STRICT_OBJC_MSGSEND = YES;
				GCC_C_LANGUAGE_STANDARD = gnu11;
				GCC_NO_COMMON_BLOCKS = YES;
				GCC_WARN_64_TO_32_BIT_CONVERSION = YES;
				GCC_WARN_ABOUT_RETURN_TYPE = YES_ERROR;
				GCC_WARN_UNDECLARED_SELECTOR = YES;
				GCC_WARN_UNINITIALIZED_AUTOS = YES_AGGRESSIVE;
				GCC_WARN_UNUSED_FUNCTION = YES;
				GCC_WARN_UNUSED_VARIABLE = YES;
				IPHONEOS_DEPLOYMENT_TARGET = 16.4;
				MTL_ENABLE_DEBUG_INFO = NO;
				MTL_FAST_MATH = YES;
				SDKROOT = iphoneos;
				SWIFT_COMPILATION_MODE = wholemodule;
				SWIFT_OPTIMIZATION_LEVEL = "-O";
				VALIDATE_PRODUCT = YES;
			};
			name = Release;
		};
		2458D9412AD2EB3700497B3D /* Debug */ = {
			isa = XCBuildConfiguration;
			buildSettings = {
				ASSETCATALOG_COMPILER_APPICON_NAME = AppIcon;
				ASSETCATALOG_COMPILER_GLOBAL_ACCENT_COLOR_NAME = AccentColor;
				CODE_SIGN_STYLE = Automatic;
				CURRENT_PROJECT_VERSION = 1;
				DEVELOPMENT_ASSET_PATHS = "\"PresentMe/Preview Content\"";
				ENABLE_PREVIEWS = YES;
				GENERATE_INFOPLIST_FILE = YES;
				INFOPLIST_KEY_UIApplicationSceneManifest_Generation = YES;
				INFOPLIST_KEY_UIApplicationSupportsIndirectInputEvents = YES;
				INFOPLIST_KEY_UILaunchScreen_Generation = YES;
				INFOPLIST_KEY_UISupportedInterfaceOrientations_iPad = "UIInterfaceOrientationPortrait UIInterfaceOrientationPortraitUpsideDown UIInterfaceOrientationLandscapeLeft UIInterfaceOrientationLandscapeRight";
				INFOPLIST_KEY_UISupportedInterfaceOrientations_iPhone = "UIInterfaceOrientationPortrait UIInterfaceOrientationLandscapeLeft UIInterfaceOrientationLandscapeRight";
				LD_RUNPATH_SEARCH_PATHS = (
					"$(inherited)",
					"@executable_path/Frameworks",
				);
				MARKETING_VERSION = 1.0;
				PRODUCT_BUNDLE_IDENTIFIER = com.lujainalaydie.PresentMe;
				PRODUCT_NAME = "$(TARGET_NAME)";
				SWIFT_EMIT_LOC_STRINGS = YES;
				SWIFT_VERSION = 5.0;
				TARGETED_DEVICE_FAMILY = "1,2";
			};
			name = Debug;
		};
		2458D9422AD2EB3700497B3D /* Release */ = {
			isa = XCBuildConfiguration;
			buildSettings = {
				ASSETCATALOG_COMPILER_APPICON_NAME = AppIcon;
				ASSETCATALOG_COMPILER_GLOBAL_ACCENT_COLOR_NAME = AccentColor;
				CODE_SIGN_STYLE = Automatic;
				CURRENT_PROJECT_VERSION = 1;
				DEVELOPMENT_ASSET_PATHS = "\"PresentMe/Preview Content\"";
				ENABLE_PREVIEWS = YES;
				GENERATE_INFOPLIST_FILE = YES;
				INFOPLIST_KEY_UIApplicationSceneManifest_Generation = YES;
				INFOPLIST_KEY_UIApplicationSupportsIndirectInputEvents = YES;
				INFOPLIST_KEY_UILaunchScreen_Generation = YES;
				INFOPLIST_KEY_UISupportedInterfaceOrientations_iPad = "UIInterfaceOrientationPortrait UIInterfaceOrientationPortraitUpsideDown UIInterfaceOrientationLandscapeLeft UIInterfaceOrientationLandscapeRight";
				INFOPLIST_KEY_UISupportedInterfaceOrientations_iPhone = "UIInterfaceOrientationPortrait UIInterfaceOrientationLandscapeLeft UIInterfaceOrientationLandscapeRight";
				LD_RUNPATH_SEARCH_PATHS = (
					"$(inherited)",
					"@executable_path/Frameworks",
				);
				MARKETING_VERSION = 1.0;
				PRODUCT_BUNDLE_IDENTIFIER = com.lujainalaydie.PresentMe;
				PRODUCT_NAME = "$(TARGET_NAME)";
				SWIFT_EMIT_LOC_STRINGS = YES;
				SWIFT_VERSION = 5.0;
				TARGETED_DEVICE_FAMILY = "1,2";
			};
			name = Release;
		};
		2458D9442AD2EB3700497B3D /* Debug */ = {
			isa = XCBuildConfiguration;
			buildSettings = {
				ALWAYS_EMBED_SWIFT_STANDARD_LIBRARIES = YES;
				BUNDLE_LOADER = "$(TEST_HOST)";
				CODE_SIGN_STYLE = Automatic;
				CURRENT_PROJECT_VERSION = 1;
				GENERATE_INFOPLIST_FILE = YES;
				IPHONEOS_DEPLOYMENT_TARGET = 16.4;
				MARKETING_VERSION = 1.0;
				PRODUCT_BUNDLE_IDENTIFIER = com.lujainalaydie.PresentMeTests;
				PRODUCT_NAME = "$(TARGET_NAME)";
				SWIFT_EMIT_LOC_STRINGS = NO;
				SWIFT_VERSION = 5.0;
				TARGETED_DEVICE_FAMILY = "1,2";
				TEST_HOST = "$(BUILT_PRODUCTS_DIR)/PresentMe.app/$(BUNDLE_EXECUTABLE_FOLDER_PATH)/PresentMe";
			};
			name = Debug;
		};
		2458D9452AD2EB3700497B3D /* Release */ = {
			isa = XCBuildConfiguration;
			buildSettings = {
				ALWAYS_EMBED_SWIFT_STANDARD_LIBRARIES = YES;
				BUNDLE_LOADER = "$(TEST_HOST)";
				CODE_SIGN_STYLE = Automatic;
				CURRENT_PROJECT_VERSION = 1;
				GENERATE_INFOPLIST_FILE = YES;
				IPHONEOS_DEPLOYMENT_TARGET = 16.4;
				MARKETING_VERSION = 1.0;
				PRODUCT_BUNDLE_IDENTIFIER = com.lujainalaydie.PresentMeTests;
				PRODUCT_NAME = "$(TARGET_NAME)";
				SWIFT_EMIT_LOC_STRINGS = NO;
				SWIFT_VERSION = 5.0;
				TARGETED_DEVICE_FAMILY = "1,2";
				TEST_HOST = "$(BUILT_PRODUCTS_DIR)/PresentMe.app/$(BUNDLE_EXECUTABLE_FOLDER_PATH)/PresentMe";
			};
			name = Release;
		};
		2458D9472AD2EB3700497B3D /* Debug */ = {
			isa = XCBuildConfiguration;
			buildSettings = {
				ALWAYS_EMBED_SWIFT_STANDARD_LIBRARIES = YES;
				CODE_SIGN_STYLE = Automatic;
				CURRENT_PROJECT_VERSION = 1;
				GENERATE_INFOPLIST_FILE = YES;
				MARKETING_VERSION = 1.0;
				PRODUCT_BUNDLE_IDENTIFIER = com.lujainalaydie.PresentMeUITests;
				PRODUCT_NAME = "$(TARGET_NAME)";
				SWIFT_EMIT_LOC_STRINGS = NO;
				SWIFT_VERSION = 5.0;
				TARGETED_DEVICE_FAMILY = "1,2";
				TEST_TARGET_NAME = PresentMe;
			};
			name = Debug;
		};
		2458D9482AD2EB3700497B3D /* Release */ = {
			isa = XCBuildConfiguration;
			buildSettings = {
				ALWAYS_EMBED_SWIFT_STANDARD_LIBRARIES = YES;
				CODE_SIGN_STYLE = Automatic;
				CURRENT_PROJECT_VERSION = 1;
				GENERATE_INFOPLIST_FILE = YES;
				MARKETING_VERSION = 1.0;
				PRODUCT_BUNDLE_IDENTIFIER = com.lujainalaydie.PresentMeUITests;
				PRODUCT_NAME = "$(TARGET_NAME)";
				SWIFT_EMIT_LOC_STRINGS = NO;
				SWIFT_VERSION = 5.0;
				TARGETED_DEVICE_FAMILY = "1,2";
				TEST_TARGET_NAME = PresentMe;
			};
			name = Release;
		};
/* End XCBuildConfiguration section */

/* Begin XCConfigurationList section */
		2458D9172AD2EB3500497B3D /* Build configuration list for PBXProject "PresentMe" */ = {
			isa = XCConfigurationList;
			buildConfigurations = (
				2458D93E2AD2EB3700497B3D /* Debug */,
				2458D93F2AD2EB3700497B3D /* Release */,
			);
			defaultConfigurationIsVisible = 0;
			defaultConfigurationName = Release;
		};
		2458D9402AD2EB3700497B3D /* Build configuration list for PBXNativeTarget "PresentMe" */ = {
			isa = XCConfigurationList;
			buildConfigurations = (
				2458D9412AD2EB3700497B3D /* Debug */,
				2458D9422AD2EB3700497B3D /* Release */,
			);
			defaultConfigurationIsVisible = 0;
			defaultConfigurationName = Release;
		};
		2458D9432AD2EB3700497B3D /* Build configuration list for PBXNativeTarget "PresentMeTests" */ = {
			isa = XCConfigurationList;
			buildConfigurations = (
				2458D9442AD2EB3700497B3D /* Debug */,
				2458D9452AD2EB3700497B3D /* Release */,
			);
			defaultConfigurationIsVisible = 0;
			defaultConfigurationName = Release;
		};
		2458D9462AD2EB3700497B3D /* Build configuration list for PBXNativeTarget "PresentMeUITests" */ = {
			isa = XCConfigurationList;
			buildConfigurations = (
				2458D9472AD2EB3700497B3D /* Debug */,
				2458D9482AD2EB3700497B3D /* Release */,
			);
			defaultConfigurationIsVisible = 0;
			defaultConfigurationName = Release;
		};
/* End XCConfigurationList section */
	};
	rootObject = 2458D9142AD2EB3500497B3D /* Project object */;
}
